{
  "nodes": {
    "flake-compat": {
      "flake": false,
      "locked": {
        "lastModified": 1606424373,
        "narHash": "sha256-oq8d4//CJOrVj+EcOaSXvMebvuTkmBJuT5tzlfewUnQ=",
        "owner": "edolstra",
        "repo": "flake-compat",
        "rev": "99f1c2157fba4bfe6211a321fd0ee43199025dbf",
        "type": "github"
      },
      "original": {
        "owner": "edolstra",
        "repo": "flake-compat",
        "type": "github"
      }
    },
    "flake-utils": {
      "locked": {
        "lastModified": 1622445595,
        "narHash": "sha256-m+JRe6Wc5OZ/mKw2bB3+Tl0ZbtyxxxfnAWln8Q5qs+Y=",
        "owner": "numtide",
        "repo": "flake-utils",
        "rev": "7d706970d94bc5559077eb1a6600afddcd25a7c8",
        "type": "github"
      },
      "original": {
        "owner": "numtide",
        "repo": "flake-utils",
        "type": "github"
      }
    },
    "home-manager": {
      "inputs": {
        "nixpkgs": "nixpkgs"
      },
      "locked": {
        "lastModified": 1623103231,
        "narHash": "sha256-ns6p4FYqdMHmcaZZjNC1HhxApfxKlpAPbvbOzhiLbas=",
        "owner": "nix-community",
        "repo": "home-manager",
        "rev": "aa36e2d6b481a54b95fbddbecb76076e0f38eb89",
        "type": "github"
      },
      "original": {
        "owner": "nix-community",
        "repo": "home-manager",
        "type": "github"
      }
    },
    "nix-node": {
      "inputs": {
        "nixpkgs": "nixpkgs_2"
      },
      "locked": {
        "lastModified": 1623419115,
        "narHash": "sha256-3vtWl6dLB0ImmjPUixFDrHmLcuorTOWNM7Fi5RXU6UQ=",
        "owner": "andyrichardson",
        "repo": "nix-node",
        "rev": "0dc4a2087907a48c326b7fbafe3a6f01f7b8fa04",
        "type": "github"
      },
      "original": {
        "owner": "andyrichardson",
        "repo": "nix-node",
        "type": "github"
      }
    },
    "nixos-hardware": {
      "locked": {
        "lastModified": 1623143341,
        "narHash": "sha256-a8NjpJVvJkb3ehu/KP1OaWwlRexom2D7lQEH5uCO9yA=",
        "owner": "NixOS",
        "repo": "nixos-hardware",
        "rev": "fccbee72df707c3fb074854668deee6e1ff02351",
        "type": "github"
      },
      "original": {
        "owner": "NixOS",
        "repo": "nixos-hardware",
        "type": "github"
      }
    },
    "nixpkgs": {
      "locked": {
        "lastModified": 1623242683,
        "narHash": "sha256-UU8PrwXzSqRWbeGQ00igTEkeGThZ4Td3qzqa9fLoFLY=",
        "owner": "NixOS",
        "repo": "nixpkgs",
        "rev": "4de8cbfb16707dfed1d695a7fc1da09cb6e2bf38",
        "type": "github"
      },
      "original": {
        "id": "nixpkgs",
        "type": "indirect"
      }
    },
    "nixpkgs_2": {
      "locked": {
        "lastModified": 1623330979,
        "narHash": "sha256-UQD8P6lSfDx2RnP4Ss2biPDwlz19UQb9qOqjhesFSLk=",
        "owner": "nixos",
        "repo": "nixpkgs",
        "rev": "5e78bbcb4926bc9e35a85573ea362aec1fa9b7ac",
        "type": "github"
      },
      "original": {
        "owner": "nixos",
        "repo": "nixpkgs",
        "type": "github"
      }
    },
    "nixpkgs_3": {
      "locked": {
        "lastModified": 1623750159,
        "narHash": "sha256-eolvGWlxF9oYoCiyCIz/H3SMHNc7eAoZDU3q6N7yO2g=",
        "owner": "nixos",
        "repo": "nixpkgs",
        "rev": "874ef4b6c615eba5b22ddbdf0ecb77b73a3f0453",
        "type": "github"
      },
      "original": {
        "owner": "nixos",
        "repo": "nixpkgs",
        "type": "github"
      }
    },
    "nixpkgs_4": {
      "locked": {
        "lastModified": 1623340550,
        "narHash": "sha256-ArmpcXaAkI32mlktgY8NFVdvMPblO+J1C0sLMKUhh7s=",
        "owner": "NixOS",
        "repo": "nixpkgs",
        "rev": "edd3c9989708d979118ead4be9201e11e7423548",
        "type": "github"
      },
      "original": {
        "id": "nixpkgs",
        "type": "indirect"
      }
    },
    "nur": {
      "locked": {
        "lastModified": 1623402381,
        "narHash": "sha256-4wRsO1h62XxP8r4Lgc7rjlt5VCb8eM9KeZJ3Fykx+9Y=",
        "owner": "nix-community",
        "repo": "NUR",
        "rev": "4f932934b05e391946c67297cd2cdd9fa85d4783",
        "type": "github"
      },
      "original": {
        "owner": "nix-community",
        "repo": "NUR",
        "type": "github"
      }
    },
    "nvim-coc": {
      "flake": false,
      "locked": {
        "lastModified": 1623146388,
        "narHash": "sha256-7xXXOB6ywXWn6xENXr6z4kvEdL24z0xh9qXKGjYQeqY=",
        "owner": "neoclide",
        "repo": "coc.nvim",
        "rev": "898335d52ed925e8dd5dd3da3c25470d352b2e11",
        "type": "github"
      },
      "original": {
        "owner": "neoclide",
        "repo": "coc.nvim",
        "type": "github"
      }
    },
    "nvim-coc-git": {
      "flake": false,
      "locked": {
        "lastModified": 1621510649,
        "narHash": "sha256-ziS/5ycw6jEi/VleThUPoMhfOm8kwDhHR2+OLKmodrM=",
        "owner": "neoclide",
        "repo": "coc-git",
        "rev": "0f4ce555d177d782adce9d0ef6cd71662509d673",
        "type": "github"
      },
      "original": {
        "owner": "neoclide",
        "repo": "coc-git",
        "type": "github"
      }
    },
    "nvim-coc-json": {
      "flake": false,
      "locked": {
        "lastModified": 1622688574,
        "narHash": "sha256-kHzV9NGgaG9k9cVxCny6xIvMHhOpT1EPg0xQsbbFKn4=",
        "owner": "neoclide",
        "repo": "coc-json",
        "rev": "6b2dc553789fff744b69be02b220d72344cd2dab",
        "type": "github"
      },
      "original": {
        "owner": "neoclide",
        "repo": "coc-json",
        "type": "github"
      }
    },
    "nvim-coc-prettier": {
      "flake": false,
      "locked": {
        "lastModified": 1619318231,
        "narHash": "sha256-RNubaYkU9y9vOzVuIfH8Rkrcs4p2wXtI8opvaJR9pYQ=",
        "owner": "neoclide",
        "repo": "coc-prettier",
        "rev": "905e83009386f1b79131e8728599aaae9ab32a30",
        "type": "github"
      },
      "original": {
        "owner": "neoclide",
        "repo": "coc-prettier",
        "type": "github"
      }
    },
    "nvim-coc-tsserver": {
      "flake": false,
      "locked": {
        "lastModified": 1623038787,
        "narHash": "sha256-eJSk+uSqUCGLd0jJK8hMyfeMj81CAdLKYR45UnWe4nI=",
        "owner": "neoclide",
        "repo": "coc-tsserver",
        "rev": "f2afebce9270a3a2d4fb685c07c3ce83d0f086fe",
        "type": "github"
      },
      "original": {
        "owner": "neoclide",
        "repo": "coc-tsserver",
        "type": "github"
      }
    },
    "nvim-nerd-commenter": {
      "flake": false,
      "locked": {
        "lastModified": 1622286030,
        "narHash": "sha256-CnHS+laOmsttlPTm9suNRicuqpTQSv5EmcclSM5J6Qw=",
        "owner": "preservim",
        "repo": "nerdcommenter",
        "rev": "a5d1663185bee20bfb120c9ab212144444514982",
        "type": "github"
      },
      "original": {
        "owner": "preservim",
        "repo": "nerdcommenter",
        "type": "github"
      }
    },
    "nvim-nerdtree": {
      "flake": false,
      "locked": {
        "lastModified": 1616643675,
        "narHash": "sha256-i3Ls9I6igbxrrTTmp0fXCMrGcwZLOweHFlMhC8QCmn8=",
        "owner": "preservim",
        "repo": "nerdtree",
        "rev": "81f3eaba295b3fceb2d032db57e5eae99ae480f8",
        "type": "github"
      },
      "original": {
        "owner": "preservim",
        "repo": "nerdtree",
        "type": "github"
      }
    },
    "nvim-onedark": {
      "flake": false,
      "locked": {
        "lastModified": 1622598728,
        "narHash": "sha256-QpCCZFbyj1+df/Tav4DTcp1htP3wExUGuI71nLq73pA=",
        "owner": "joshdick",
        "repo": "onedark.vim",
        "rev": "f209c5b6741e6cf847bf4a77e19f2fbf6ffc5290",
        "type": "github"
      },
      "original": {
        "owner": "joshdick",
        "repo": "onedark.vim",
        "type": "github"
      }
    },
    "nvim-prettier": {
      "flake": false,
      "locked": {
        "lastModified": 1622688730,
        "narHash": "sha256-5tehBbr5whZ/8r4CvLAa6iTny959XzXrp0sQzOZjehg=",
        "owner": "prettier",
        "repo": "vim-prettier",
        "rev": "aa0607ca7a0f61e91365ecf25947312ff4796302",
        "type": "github"
      },
      "original": {
        "owner": "prettier",
        "repo": "vim-prettier",
        "type": "github"
      }
    },
    "nvim-which-key": {
      "flake": false,
      "locked": {
        "lastModified": 1618654095,
        "narHash": "sha256-rE7huXtlMfbsjSX5VbnGAWrgflNnbo7vX/4IdJbCNFw=",
        "owner": "spinks",
        "repo": "vim-leader-guide",
        "rev": "dd18e2cad6b70379413c29425e0a38efc96d4091",
        "type": "github"
      },
      "original": {
        "owner": "spinks",
        "repo": "vim-leader-guide",
        "type": "github"
      }
    },
    "powerline": {
      "flake": false,
      "locked": {
        "lastModified": 1615747517,
        "narHash": "sha256-RHVet6mDtZLtYXlx5mCZ4V0l0cMVw8Pr+7E58/o3/Pc=",
        "owner": "powerline",
        "repo": "powerline",
        "rev": "7310d53adef5ba5829712b1ac06839be1b4852b9",
        "type": "github"
      },
      "original": {
        "owner": "powerline",
        "repo": "powerline",
        "type": "github"
      }
    },
    "pulse-noise-suppression-for-voice": {
      "flake": false,
      "locked": {
        "lastModified": 1621687777,
        "narHash": "sha256-RQyhNq2ENl1ImsVJIBPG1IWCPZrR/+LZ0wHpZ+DtuCc=",
        "owner": "werman",
        "repo": "noise-suppression-for-voice",
        "rev": "89496c24cbc7d8660609f9add5560bf33d78b737",
        "type": "github"
      },
      "original": {
        "owner": "werman",
        "repo": "noise-suppression-for-voice",
        "type": "github"
      }
    },
    "rofi-themes": {
      "flake": false,
      "locked": {
        "lastModified": 1614655558,
        "narHash": "sha256-dPWWa5sQ3FYdToVsDE0b9hZpW0hX1s3VdiIO+KjpB28=",
        "owner": "Murzchnvok",
        "repo": "rofi-collection",
        "rev": "b88187016d8e22d6a0dfce7523e13945bcd12d1d",
        "type": "github"
      },
      "original": {
        "owner": "Murzchnvok",
        "repo": "rofi-collection",
        "type": "github"
      }
    },
    "root": {
      "inputs": {
        "flake-compat": "flake-compat",
        "home-manager": "home-manager",
        "nix-node": "nix-node",
        "nixos-hardware": "nixos-hardware",
        "nixpkgs": "nixpkgs_3",
        "nur": "nur",
        "nvim-coc": "nvim-coc",
        "nvim-coc-git": "nvim-coc-git",
        "nvim-coc-json": "nvim-coc-json",
        "nvim-coc-prettier": "nvim-coc-prettier",
        "nvim-coc-tsserver": "nvim-coc-tsserver",
        "nvim-nerd-commenter": "nvim-nerd-commenter",
        "nvim-nerdtree": "nvim-nerdtree",
        "nvim-onedark": "nvim-onedark",
        "nvim-prettier": "nvim-prettier",
        "nvim-which-key": "nvim-which-key",
        "powerline": "powerline",
        "pulse-noise-suppression-for-voice": "pulse-noise-suppression-for-voice",
        "rofi-themes": "rofi-themes",
        "simply-workspaces": "simply-workspaces",
        "zsh-256color": "zsh-256color",
        "zsh-autosuggestions": "zsh-autosuggestions",
        "zsh-autoswitch-virtualenv": "zsh-autoswitch-virtualenv",
        "zsh-better-npm-completion": "zsh-better-npm-completion",
        "zsh-completions": "zsh-completions",
        "zsh-history-substring-search": "zsh-history-substring-search",
        "zsh-node-path": "zsh-node-path",
        "zsh-nvm": "zsh-nvm",
        "zsh-powerline": "zsh-powerline",
        "zsh-syntax-highlighting": "zsh-syntax-highlighting"
      }
    },
    "simply-workspaces": {
      "inputs": {
        "flake-utils": "flake-utils",
        "nixpkgs": "nixpkgs_4"
      },
      "locked": {
        "lastModified": 1623352226,
        "narHash": "sha256-tlNNR/DtsRhNICVq+8e9+0qnILrBHLS7vjtZCqmG26g=",
        "owner": "andyrichardson",
        "repo": "simply-workspaces",
        "rev": "4f23405bc7795c8c3a09a5a18602509b00af1aac",
        "type": "github"
      },
      "original": {
        "owner": "andyrichardson",
        "repo": "simply-workspaces",
        "type": "github"
      }
    },
    "zsh-256color": {
      "flake": false,
      "locked": {
        "lastModified": 1563652855,
        "narHash": "sha256-Qd9pjDSQk+kz++/UjGVbM4AhAklc1xSTimLQXxN57pI=",
        "owner": "chrissicool",
        "repo": "zsh-256color",
        "rev": "9d8fa1015dfa895f2258c2efc668bc7012f06da6",
        "type": "github"
      },
      "original": {
        "owner": "chrissicool",
        "repo": "zsh-256color",
        "type": "github"
      }
    },
    "zsh-autosuggestions": {
      "flake": false,
      "locked": {
        "lastModified": 1622844304,
        "narHash": "sha256-KLUYpUu4DHRumQZ3w59m9aTW6TBKMCXl2UcKi4uMd7w=",
        "owner": "zsh-users",
        "repo": "zsh-autosuggestions",
        "rev": "a411ef3e0992d4839f0732ebeb9823024afaaaa8",
        "type": "github"
      },
      "original": {
        "owner": "zsh-users",
        "repo": "zsh-autosuggestions",
        "type": "github"
      }
    },
    "zsh-autoswitch-virtualenv": {
      "flake": false,
      "locked": {
        "lastModified": 1621861540,
        "narHash": "sha256-Xuy7DVxt6f+AAjRwpB1dQQTscQpY0jX0Yy2TRnpWbAM=",
        "owner": "MichaelAquilina",
        "repo": "zsh-autoswitch-virtualenv",
        "rev": "f2fecbad5a88c8b5411da055e43e32acf18e63dc",
        "type": "github"
      },
      "original": {
        "owner": "MichaelAquilina",
        "repo": "zsh-autoswitch-virtualenv",
        "type": "github"
      }
    },
    "zsh-better-npm-completion": {
      "flake": false,
      "locked": {
        "lastModified": 1574159288,
        "narHash": "sha256-/rWmwCH3drGhibF44sNtG1aNdSvx1EyDiYmyHGyZ55s=",
        "owner": "lukechilds",
        "repo": "zsh-better-npm-completion",
        "rev": "0a7cf042415324ec38a186fdcbc9af163f0d7e69",
        "type": "github"
      },
      "original": {
        "owner": "lukechilds",
        "repo": "zsh-better-npm-completion",
        "type": "github"
      }
    },
    "zsh-completions": {
      "flake": false,
      "locked": {
        "lastModified": 1620062913,
        "narHash": "sha256-w/r1S1lO3DinP4Jw/lZCOJ9fz54ZFc1mcEr6E+jCdNA=",
        "owner": "zsh-users",
        "repo": "zsh-completions",
        "rev": "9dfd5c667072a9aef13a237fe3c3cc857ca9917f",
        "type": "github"
      },
      "original": {
        "owner": "zsh-users",
        "repo": "zsh-completions",
        "type": "github"
      }
    },
    "zsh-history-substring-search": {
      "flake": false,
      "locked": {
        "lastModified": 1557707754,
        "narHash": "sha256-Ptxik1r6anlP7QTqsN1S2Tli5lyRibkgGlVlwWZRG3k=",
        "owner": "zsh-users",
        "repo": "zsh-history-substring-search",
        "rev": "0f80b8eb3368b46e5e573c1d91ae69eb095db3fb",
        "type": "github"
      },
      "original": {
        "owner": "zsh-users",
        "repo": "zsh-history-substring-search",
        "type": "github"
      }
    },
    "zsh-node-path": {
      "flake": false,
      "locked": {
        "lastModified": 1568908332,
        "narHash": "sha256-jCemmEBWZ+9jVDGNEfDarpCPnJ4HkC2rsDRtAw4N7v0=",
        "owner": "andyrichardson",
        "repo": "zsh-node-path",
        "rev": "1d83f56a7f884cd7e673763d39c7808db3ad1b9a",
        "type": "github"
      },
      "original": {
        "owner": "andyrichardson",
        "repo": "zsh-node-path",
        "type": "github"
      }
    },
    "zsh-nvm": {
      "flake": false,
      "locked": {
        "lastModified": 1592292082,
        "narHash": "sha256-Zwdi7bezMFKaIKYwsSftu3mJSFvadEWmY2hYnU1Kpu4=",
        "owner": "lukechilds",
        "repo": "zsh-nvm",
        "rev": "23067bd9bb6eb6f4737a3ea90cb0cb5e85f61ba2",
        "type": "github"
      },
      "original": {
        "owner": "lukechilds",
        "repo": "zsh-nvm",
        "type": "github"
      }
    },
    "zsh-powerline": {
      "flake": false,
      "locked": {
        "lastModified": 1623145639,
        "narHash": "sha256-PMqpqBFQiuu9YZHl7GENIM6PIOpbFJodeCw0i4NREgc=",
        "owner": "romkatv",
        "repo": "powerlevel10k",
        "rev": "4ba3c010f6fa66dcf7d785251c80c416454b6e90",
        "type": "github"
      },
      "original": {
        "owner": "romkatv",
        "repo": "powerlevel10k",
        "type": "github"
      }
    },
    "zsh-syntax-highlighting": {
      "flake": false,
      "locked": {
        "lastModified": 1622348698,
        "narHash": "sha256-YvYcA+stJ1R5CMAk2RLzvyz781yPgw8OgUOlSbGvzCY=",
        "owner": "zsh-users",
        "repo": "zsh-syntax-highlighting",
        "rev": "0e1bb14452e3fc66dcc81531212e1061e02c1a61",
        "type": "github"
      },
      "original": {
        "owner": "zsh-users",
        "repo": "zsh-syntax-highlighting",
        "type": "github"
      }
    }
  },
  "root": "root",
  "version": 7
}
