{
  "nodes": {
    "flake-compat": {
      "flake": false,
      "locked": {
        "lastModified": 1627913399,
        "narHash": "sha256-hY8g6H2KFL8ownSiFeMOjwPC8P0ueXpCVEbxgda3pko=",
        "owner": "edolstra",
        "repo": "flake-compat",
        "rev": "12c64ca55c1014cdc1b16ed5a804aa8576601ff2",
        "type": "github"
      },
      "original": {
        "owner": "edolstra",
        "repo": "flake-compat",
        "type": "github"
      }
    },
    "flake-utils": {
      "locked": {
        "lastModified": 1623660459,
        "narHash": "sha256-OTmOsh43po7r5F9s9H6lVCBQ2b0FikWbmiwLbMAGRdw=",
        "owner": "numtide",
        "repo": "flake-utils",
        "rev": "98c8d36b1828009b20f12544214683c7489935a1",
        "type": "github"
      },
      "original": {
        "owner": "numtide",
        "repo": "flake-utils",
        "type": "github"
      }
    },
    "flake-utils_2": {
      "locked": {
        "lastModified": 1622445595,
        "narHash": "sha256-m+JRe6Wc5OZ/mKw2bB3+Tl0ZbtyxxxfnAWln8Q5qs+Y=",
        "owner": "numtide",
        "repo": "flake-utils",
        "rev": "7d706970d94bc5559077eb1a6600afddcd25a7c8",
        "type": "github"
      },
      "original": {
        "owner": "numtide",
        "repo": "flake-utils",
        "type": "github"
      }
    },
    "gtk-title-bar": {
      "flake": false,
      "locked": {
        "lastModified": 1621155547,
        "narHash": "sha256-X/Fn/LDR0TxeJ3KrDu9LK1jlRNJqDuJKdXE2SboY950=",
        "owner": "velitasali",
        "repo": "gtktitlebar",
        "rev": "a8db4aa7f6d3f739d011eaad022d343cc2f69c1f",
        "type": "github"
      },
      "original": {
        "owner": "velitasali",
        "repo": "gtktitlebar",
        "type": "github"
      }
    },
    "home-manager": {
      "inputs": {
        "nixpkgs": [
          "nixpkgs"
        ]
      },
      "locked": {
        "lastModified": 1630076227,
        "narHash": "sha256-p3YdtqSPLnMudWsLMgd6XMEhQKB2oz1hvDkHtOlz5/Q=",
        "owner": "nix-community",
        "repo": "home-manager",
        "rev": "f5adb9be829f487f99bcc0f1884f74ddb85f70c8",
        "type": "github"
      },
      "original": {
        "owner": "nix-community",
        "ref": "release-21.05",
        "repo": "home-manager",
        "type": "github"
      }
    },
    "howdy": {
      "flake": false,
      "locked": {
        "lastModified": 1622629146,
        "narHash": "sha256-natsncvoXb8oTvV26+FfcrCf2dHQNfn6WfR7gv8cIfY=",
        "owner": "Th0rgal",
        "repo": "horus-nix-system",
        "rev": "620e90e49364b0cef56594cb24d215eb1a1105f3",
        "type": "github"
      },
      "original": {
        "owner": "Th0rgal",
        "repo": "horus-nix-system",
        "type": "github"
      }
    },
    "nix-node": {
      "inputs": {
        "flake-utils": "flake-utils",
        "nixpkgs": [
          "nixpkgs"
        ]
      },
      "locked": {
        "lastModified": 1623666298,
        "narHash": "sha256-yLEBNR5JcbU9POJvF1TYR7ZHb3VDnjZNHj9KXHLEqhY=",
        "owner": "andyrichardson",
        "repo": "nix-node",
        "rev": "20ea5cf6089b7afb0ac5ae5bcb6be519a23e8fea",
        "type": "github"
      },
      "original": {
        "owner": "andyrichardson",
        "repo": "nix-node",
        "type": "github"
      }
    },
    "nixos-hardware": {
      "locked": {
        "lastModified": 1629975021,
        "narHash": "sha256-+z4pK5yvoIKAIPGnyxt7I7Y9yX72HFP2krppGENpn6I=",
        "owner": "NixOS",
        "repo": "nixos-hardware",
        "rev": "342048461da7fc743e588ee744080c045613a226",
        "type": "github"
      },
      "original": {
        "owner": "NixOS",
        "repo": "nixos-hardware",
        "type": "github"
      }
    },
    "nixpkgs": {
      "locked": {
        "lastModified": 1630076329,
        "narHash": "sha256-mkxPL5pXZv8cfHgjSW0oWfZRGSSlGwXy/7KR+2Mgf3M=",
        "owner": "nixos",
        "repo": "nixpkgs",
        "rev": "74d017edb6717ad76d38edc02ad3210d4ad66b96",
        "type": "github"
      },
      "original": {
        "owner": "nixos",
        "ref": "nixos-21.05",
        "repo": "nixpkgs",
        "type": "github"
      }
    },
    "nixpkgs-unstable": {
      "locked": {
        "lastModified": 1630400972,
        "narHash": "sha256-0lg+5Y7infZnfeDswQzHLPb+zGialC67hjwFZzUqiTU=",
        "owner": "nixos",
        "repo": "nixpkgs",
        "rev": "1392ff98cc1f3e5fcb7c3a6b8c0c1be026f864f9",
        "type": "github"
      },
      "original": {
        "owner": "nixos",
        "repo": "nixpkgs",
        "type": "github"
      }
    },
    "nixpkgs_2": {
      "locked": {
        "lastModified": 1623340550,
        "narHash": "sha256-ArmpcXaAkI32mlktgY8NFVdvMPblO+J1C0sLMKUhh7s=",
        "owner": "NixOS",
        "repo": "nixpkgs",
        "rev": "edd3c9989708d979118ead4be9201e11e7423548",
        "type": "github"
      },
      "original": {
        "id": "nixpkgs",
        "type": "indirect"
      }
    },
    "nur": {
      "locked": {
        "lastModified": 1630395220,
        "narHash": "sha256-Nb5SppZmj+0MH33c2/qdRFqGTo/8g0CTfVtsGZ/sQf0=",
        "owner": "nix-community",
        "repo": "NUR",
        "rev": "607b9cebfdbf57ec864aacf14efa64fac920016d",
        "type": "github"
      },
      "original": {
        "owner": "nix-community",
        "repo": "NUR",
        "type": "github"
      }
    },
    "nvim-coc": {
      "flake": false,
      "locked": {
        "lastModified": 1630233784,
        "narHash": "sha256-O+m1LYEwCVuHlco94xt396UOsC8sZwBnXvYmaQ9LdVw=",
        "owner": "neoclide",
        "repo": "coc.nvim",
        "rev": "daab29410d816a23f0f162ea786024d4f33abe31",
        "type": "github"
      },
      "original": {
        "owner": "neoclide",
        "repo": "coc.nvim",
        "type": "github"
      }
    },
    "nvim-coc-git": {
      "flake": false,
      "locked": {
        "lastModified": 1627063338,
        "narHash": "sha256-/GWzGqg67YzpPBfk/qstlPY4BDZjjsfG3HzaIurbewE=",
        "owner": "neoclide",
        "repo": "coc-git",
        "rev": "48dc6cda3c2537069f0f196139fb4223fe5d2e8d",
        "type": "github"
      },
      "original": {
        "owner": "neoclide",
        "repo": "coc-git",
        "type": "github"
      }
    },
    "nvim-coc-json": {
      "flake": false,
      "locked": {
        "lastModified": 1623762194,
        "narHash": "sha256-tSp+kQExZ/wsFiVWlmpggg64/jIOOVsrwAqQz8XP4XM=",
        "owner": "neoclide",
        "repo": "coc-json",
        "rev": "95ece4a6268a08fe0b6eeca445cf2066fadbddee",
        "type": "github"
      },
      "original": {
        "owner": "neoclide",
        "repo": "coc-json",
        "type": "github"
      }
    },
    "nvim-coc-prettier": {
      "flake": false,
      "locked": {
        "lastModified": 1624876152,
        "narHash": "sha256-iPm7ySkRh0a/gWlfARALhsEMdDnIdTMeo//yjZZZo2A=",
        "owner": "neoclide",
        "repo": "coc-prettier",
        "rev": "7fda02901de563f5ecc2baf98b307f8ffc4ac2f5",
        "type": "github"
      },
      "original": {
        "owner": "neoclide",
        "repo": "coc-prettier",
        "type": "github"
      }
    },
    "nvim-coc-tsserver": {
      "flake": false,
      "locked": {
        "lastModified": 1629455107,
        "narHash": "sha256-kk55Eq41BK4p/WYz6uy0h/MVHyw2jJ/yb5peZlSBfJE=",
        "owner": "neoclide",
        "repo": "coc-tsserver",
        "rev": "68bb4634f345b70c8b2e8c48294dd3619eb5b810",
        "type": "github"
      },
      "original": {
        "owner": "neoclide",
        "repo": "coc-tsserver",
        "type": "github"
      }
    },
    "nvim-nerd-commenter": {
      "flake": false,
      "locked": {
        "lastModified": 1627752240,
        "narHash": "sha256-efCBnqQDOWk/aFQyXfGHqdRt0jVKY256vkrC9LNH0S8=",
        "owner": "preservim",
        "repo": "nerdcommenter",
        "rev": "2c87cae76ed88f3b0c957df68c03573ecafa3728",
        "type": "github"
      },
      "original": {
        "owner": "preservim",
        "repo": "nerdcommenter",
        "type": "github"
      }
    },
    "nvim-nerdtree": {
      "flake": false,
      "locked": {
        "lastModified": 1628810333,
        "narHash": "sha256-wx1pjSd31Bh6eYtkTAI3JU6a3Uv4vdvyqRzED1ruCGE=",
        "owner": "preservim",
        "repo": "nerdtree",
        "rev": "0e71462f90fb4bd09121eeba829512cc24ab5c97",
        "type": "github"
      },
      "original": {
        "owner": "preservim",
        "repo": "nerdtree",
        "type": "github"
      }
    },
    "nvim-onedark": {
      "flake": false,
      "locked": {
        "lastModified": 1628784291,
        "narHash": "sha256-3odxYmINqav8tnQHJybS2ijmqCMBf42WBbbOoer1A/Y=",
        "owner": "joshdick",
        "repo": "onedark.vim",
        "rev": "bd199dfa76cd0ff4abef2a8ad19c44d35552879d",
        "type": "github"
      },
      "original": {
        "owner": "joshdick",
        "repo": "onedark.vim",
        "type": "github"
      }
    },
    "nvim-prettier": {
      "flake": false,
      "locked": {
        "lastModified": 1624930184,
        "narHash": "sha256-zl4DV/Tyam5ofdZjfU2wG9j2NP/o84RJG1FfN02nAzU=",
        "owner": "prettier",
        "repo": "vim-prettier",
        "rev": "0e61e4a5b55d2740aa118db91a6671dcb11307e8",
        "type": "github"
      },
      "original": {
        "owner": "prettier",
        "repo": "vim-prettier",
        "type": "github"
      }
    },
    "nvim-which-key": {
      "flake": false,
      "locked": {
        "lastModified": 1618654095,
        "narHash": "sha256-rE7huXtlMfbsjSX5VbnGAWrgflNnbo7vX/4IdJbCNFw=",
        "owner": "spinks",
        "repo": "vim-leader-guide",
        "rev": "dd18e2cad6b70379413c29425e0a38efc96d4091",
        "type": "github"
      },
      "original": {
        "owner": "spinks",
        "repo": "vim-leader-guide",
        "type": "github"
      }
    },
    "pop-shell": {
      "flake": false,
      "locked": {
        "lastModified": 1622640574,
        "narHash": "sha256-3T06cJDWS4cAEbRNACNZUQjunH1VJaW9WK4qewVHzVs=",
        "owner": "andyrichardson",
        "repo": "shell",
        "rev": "9a3f30edb81d2e930e8d17ccdd394bbb2b937f39",
        "type": "github"
      },
      "original": {
        "owner": "andyrichardson",
        "repo": "shell",
        "type": "github"
      }
    },
    "powerline": {
      "flake": false,
      "locked": {
        "lastModified": 1629512474,
        "narHash": "sha256-VcByV+iG/BC9fA4RJ4tbL5RrxPw/vHxMeyfyKkRyUZI=",
        "owner": "powerline",
        "repo": "powerline",
        "rev": "82c1373ba0b424c57e8c12cb5f6f1a7ee3829c27",
        "type": "github"
      },
      "original": {
        "owner": "powerline",
        "repo": "powerline",
        "type": "github"
      }
    },
    "pulse-noise-suppression-for-voice": {
      "flake": false,
      "locked": {
        "lastModified": 1628966633,
        "narHash": "sha256-mQI5/VFGlx4Z+0TC41CRyKk9EAYZGYfPozMEx3iqHw4=",
        "owner": "werman",
        "repo": "noise-suppression-for-voice",
        "rev": "bfe7413b13f79b6eaa39c35668c51472f18ec86b",
        "type": "github"
      },
      "original": {
        "owner": "werman",
        "repo": "noise-suppression-for-voice",
        "type": "github"
      }
    },
    "rofi-themes": {
      "flake": false,
      "locked": {
        "lastModified": 1614655558,
        "narHash": "sha256-dPWWa5sQ3FYdToVsDE0b9hZpW0hX1s3VdiIO+KjpB28=",
        "owner": "Murzchnvok",
        "repo": "rofi-collection",
        "rev": "b88187016d8e22d6a0dfce7523e13945bcd12d1d",
        "type": "github"
      },
      "original": {
        "owner": "Murzchnvok",
        "repo": "rofi-collection",
        "type": "github"
      }
    },
    "root": {
      "inputs": {
        "flake-compat": "flake-compat",
        "gtk-title-bar": "gtk-title-bar",
        "home-manager": "home-manager",
        "howdy": "howdy",
        "nix-node": "nix-node",
        "nixos-hardware": "nixos-hardware",
        "nixpkgs": "nixpkgs",
        "nixpkgs-unstable": "nixpkgs-unstable",
        "nur": "nur",
        "nvim-coc": "nvim-coc",
        "nvim-coc-git": "nvim-coc-git",
        "nvim-coc-json": "nvim-coc-json",
        "nvim-coc-prettier": "nvim-coc-prettier",
        "nvim-coc-tsserver": "nvim-coc-tsserver",
        "nvim-nerd-commenter": "nvim-nerd-commenter",
        "nvim-nerdtree": "nvim-nerdtree",
        "nvim-onedark": "nvim-onedark",
        "nvim-prettier": "nvim-prettier",
        "nvim-which-key": "nvim-which-key",
        "pop-shell": "pop-shell",
        "powerline": "powerline",
        "pulse-noise-suppression-for-voice": "pulse-noise-suppression-for-voice",
        "rofi-themes": "rofi-themes",
        "shade-inactive-windows": "shade-inactive-windows",
        "simply-workspaces": "simply-workspaces",
        "zsh-256color": "zsh-256color",
        "zsh-autosuggestions": "zsh-autosuggestions",
        "zsh-autoswitch-virtualenv": "zsh-autoswitch-virtualenv",
        "zsh-better-npm-completion": "zsh-better-npm-completion",
        "zsh-completions": "zsh-completions",
        "zsh-history-substring-search": "zsh-history-substring-search",
        "zsh-node-path": "zsh-node-path",
        "zsh-nvm": "zsh-nvm",
        "zsh-powerline": "zsh-powerline",
        "zsh-syntax-highlighting": "zsh-syntax-highlighting"
      }
    },
    "shade-inactive-windows": {
      "flake": false,
      "locked": {
        "lastModified": 1406532339,
        "narHash": "sha256-NAJ5QSCjtWVm9fgppQjL1XlCFCXSZA9+ggyBkA5cP24=",
        "owner": "hepaajan",
        "repo": "shade-inactive-windows",
        "rev": "dc7ef9d71e563634a3fc284996a47adc2af193b4",
        "type": "github"
      },
      "original": {
        "owner": "hepaajan",
        "repo": "shade-inactive-windows",
        "type": "github"
      }
    },
    "simply-workspaces": {
      "inputs": {
        "flake-utils": "flake-utils_2",
        "nixpkgs": "nixpkgs_2"
      },
      "locked": {
        "lastModified": 1629281453,
        "narHash": "sha256-5mYsoiTlkAoFroSfohPuEoTO+XiiJGOjaGuRFwRcbsg=",
        "owner": "andyrichardson",
        "repo": "simply-workspaces",
        "rev": "23cc6bd9df340bac1c9f51a7059aca442de38a68",
        "type": "github"
      },
      "original": {
        "owner": "andyrichardson",
        "repo": "simply-workspaces",
        "type": "github"
      }
    },
    "zsh-256color": {
      "flake": false,
      "locked": {
        "lastModified": 1563652855,
        "narHash": "sha256-Qd9pjDSQk+kz++/UjGVbM4AhAklc1xSTimLQXxN57pI=",
        "owner": "chrissicool",
        "repo": "zsh-256color",
        "rev": "9d8fa1015dfa895f2258c2efc668bc7012f06da6",
        "type": "github"
      },
      "original": {
        "owner": "chrissicool",
        "repo": "zsh-256color",
        "type": "github"
      }
    },
    "zsh-autosuggestions": {
      "flake": false,
      "locked": {
        "lastModified": 1622844304,
        "narHash": "sha256-KLUYpUu4DHRumQZ3w59m9aTW6TBKMCXl2UcKi4uMd7w=",
        "owner": "zsh-users",
        "repo": "zsh-autosuggestions",
        "rev": "a411ef3e0992d4839f0732ebeb9823024afaaaa8",
        "type": "github"
      },
      "original": {
        "owner": "zsh-users",
        "repo": "zsh-autosuggestions",
        "type": "github"
      }
    },
    "zsh-autoswitch-virtualenv": {
      "flake": false,
      "locked": {
        "lastModified": 1621861540,
        "narHash": "sha256-Xuy7DVxt6f+AAjRwpB1dQQTscQpY0jX0Yy2TRnpWbAM=",
        "owner": "MichaelAquilina",
        "repo": "zsh-autoswitch-virtualenv",
        "rev": "f2fecbad5a88c8b5411da055e43e32acf18e63dc",
        "type": "github"
      },
      "original": {
        "owner": "MichaelAquilina",
        "repo": "zsh-autoswitch-virtualenv",
        "type": "github"
      }
    },
    "zsh-better-npm-completion": {
      "flake": false,
      "locked": {
        "lastModified": 1574159288,
        "narHash": "sha256-/rWmwCH3drGhibF44sNtG1aNdSvx1EyDiYmyHGyZ55s=",
        "owner": "lukechilds",
        "repo": "zsh-better-npm-completion",
        "rev": "0a7cf042415324ec38a186fdcbc9af163f0d7e69",
        "type": "github"
      },
      "original": {
        "owner": "lukechilds",
        "repo": "zsh-better-npm-completion",
        "type": "github"
      }
    },
    "zsh-completions": {
      "flake": false,
      "locked": {
        "lastModified": 1630057120,
        "narHash": "sha256-aIK/Er4ZreS4F6Wl4eLRBsV0BeVIrwLBr8zM0YAjMqs=",
        "owner": "zsh-users",
        "repo": "zsh-completions",
        "rev": "32732916a0d0a25adcdb25c4906e0111681a81e2",
        "type": "github"
      },
      "original": {
        "owner": "zsh-users",
        "repo": "zsh-completions",
        "type": "github"
      }
    },
    "zsh-history-substring-search": {
      "flake": false,
      "locked": {
        "lastModified": 1627971553,
        "narHash": "sha256-8kiPBtgsjRDqLWt0xGJ6vBBLqCWEIyFpYfd+s1prHWk=",
        "owner": "zsh-users",
        "repo": "zsh-history-substring-search",
        "rev": "4abed97b6e67eb5590b39bcd59080aa23192f25d",
        "type": "github"
      },
      "original": {
        "owner": "zsh-users",
        "repo": "zsh-history-substring-search",
        "type": "github"
      }
    },
    "zsh-node-path": {
      "flake": false,
      "locked": {
        "lastModified": 1568908332,
        "narHash": "sha256-jCemmEBWZ+9jVDGNEfDarpCPnJ4HkC2rsDRtAw4N7v0=",
        "owner": "andyrichardson",
        "repo": "zsh-node-path",
        "rev": "1d83f56a7f884cd7e673763d39c7808db3ad1b9a",
        "type": "github"
      },
      "original": {
        "owner": "andyrichardson",
        "repo": "zsh-node-path",
        "type": "github"
      }
    },
    "zsh-nvm": {
      "flake": false,
      "locked": {
        "lastModified": 1592292082,
        "narHash": "sha256-Zwdi7bezMFKaIKYwsSftu3mJSFvadEWmY2hYnU1Kpu4=",
        "owner": "lukechilds",
        "repo": "zsh-nvm",
        "rev": "23067bd9bb6eb6f4737a3ea90cb0cb5e85f61ba2",
        "type": "github"
      },
      "original": {
        "owner": "lukechilds",
        "repo": "zsh-nvm",
        "type": "github"
      }
    },
    "zsh-powerline": {
      "flake": false,
      "locked": {
        "lastModified": 1630138477,
        "narHash": "sha256-3P/EhcitRjlbKcCTnZalY9q2+Y2VBDJrXP83ELoJpr0=",
        "owner": "romkatv",
        "repo": "powerlevel10k",
        "rev": "b3b0efb69f5b7817490aa9163ca44b40699b2bcc",
        "type": "github"
      },
      "original": {
        "owner": "romkatv",
        "repo": "powerlevel10k",
        "type": "github"
      }
    },
    "zsh-syntax-highlighting": {
      "flake": false,
      "locked": {
        "lastModified": 1629459010,
        "narHash": "sha256-m+gKQXNRYTpraWDXVMTU6UPJFivcyhOw3dNofFR4cyU=",
        "owner": "zsh-users",
        "repo": "zsh-syntax-highlighting",
        "rev": "6e0e950154a4c6983d9e077ed052298ad9126144",
        "type": "github"
      },
      "original": {
        "owner": "zsh-users",
        "repo": "zsh-syntax-highlighting",
        "type": "github"
      }
    }
  },
  "root": "root",
  "version": 7
}
