{
  "nodes": {
    "darwin": {
      "inputs": {
        "nixpkgs": [
          "nixpkgs"
        ]
      },
      "locked": {
        "lastModified": 1613595894,
        "narHash": "sha256-MOk/7rCAUB5Lf4GL+HimvyAAZXYEw8gWsq5nW4PPQQA=",
        "owner": "lnl7",
        "repo": "nix-darwin",
        "rev": "5c3146b75d5d478f0693d0ea6c83f1da8382ff56",
        "type": "github"
      },
      "original": {
        "owner": "lnl7",
        "ref": "master",
        "repo": "nix-darwin",
        "type": "github"
      }
    },
    "flake-compat": {
      "flake": false,
      "locked": {
        "lastModified": 1606424373,
        "narHash": "sha256-oq8d4//CJOrVj+EcOaSXvMebvuTkmBJuT5tzlfewUnQ=",
        "owner": "edolstra",
        "repo": "flake-compat",
        "rev": "99f1c2157fba4bfe6211a321fd0ee43199025dbf",
        "type": "github"
      },
      "original": {
        "owner": "edolstra",
        "repo": "flake-compat",
        "type": "github"
      }
    },
    "home-manager": {
      "inputs": {
        "nixpkgs": "nixpkgs"
      },
      "locked": {
        "lastModified": 1616318638,
        "narHash": "sha256-E6ABXtzw6bHmrIirB1sJL6S2MEa3sfcvRLzRa92frCo=",
        "owner": "nix-community",
        "repo": "home-manager",
        "rev": "ddcd476603dfd3388b1dc8234fa9d550156a51f5",
        "type": "github"
      },
      "original": {
        "owner": "nix-community",
        "repo": "home-manager",
        "type": "github"
      }
    },
    "nixpkgs": {
      "locked": {
        "lastModified": 1616329879,
        "narHash": "sha256-B2Mg7o4P3yuKrkb6uPQ/cMJcYB2ASTBimF9qOel2Ncw=",
        "owner": "NixOS",
        "repo": "nixpkgs",
        "rev": "6259a47c45a11e8097464446660318873edc23d1",
        "type": "github"
      },
      "original": {
        "id": "nixpkgs",
        "type": "indirect"
      }
    },
    "nixpkgs_2": {
      "locked": {
        "lastModified": 1616329879,
        "narHash": "sha256-B2Mg7o4P3yuKrkb6uPQ/cMJcYB2ASTBimF9qOel2Ncw=",
        "owner": "nixos",
        "repo": "nixpkgs",
        "rev": "6259a47c45a11e8097464446660318873edc23d1",
        "type": "github"
      },
      "original": {
        "owner": "nixos",
        "repo": "nixpkgs",
        "type": "github"
      }
    },
    "nvim-coc": {
      "flake": false,
      "locked": {
        "lastModified": 1616124187,
        "narHash": "sha256-8Xz2r1CE3SUIGSDAA5YniKDnty95fdhXDBxuEVecBOA=",
        "owner": "neoclide",
        "repo": "coc.nvim",
        "rev": "0f73118b752cf7be86c3be9923675df0aff30d64",
        "type": "github"
      },
      "original": {
        "owner": "neoclide",
        "repo": "coc.nvim",
        "type": "github"
      }
    },
    "nvim-coc-git": {
      "flake": false,
      "locked": {
        "lastModified": 1615176234,
        "narHash": "sha256-g3JJnsfopNXB9lq1MExS/nHjpJShqWLgIt/cZ0roAJE=",
        "owner": "neoclide",
        "repo": "coc-git",
        "rev": "84ec8b8834081aef56684e3b03a2caefbdd21963",
        "type": "github"
      },
      "original": {
        "owner": "neoclide",
        "repo": "coc-git",
        "type": "github"
      }
    },
    "nvim-coc-json": {
      "flake": false,
      "locked": {
        "lastModified": 1613240086,
        "narHash": "sha256-9qcEl0h4n2qQDFWsG0cSK7kyLZmWrrB5uVCHh5cJFos=",
        "owner": "neoclide",
        "repo": "coc-json",
        "rev": "6bb083dbbd24b4bc5213d4de125e8c23a37e7422",
        "type": "github"
      },
      "original": {
        "owner": "neoclide",
        "repo": "coc-json",
        "type": "github"
      }
    },
    "nvim-coc-prettier": {
      "flake": false,
      "locked": {
        "lastModified": 1616122074,
        "narHash": "sha256-pZrcsmTytX5G3epQJQkosioewlvXSiSJVMitYOfb6QA=",
        "owner": "neoclide",
        "repo": "coc-prettier",
        "rev": "b99ad1ba25122c6437f02e27e3d273253b4196a9",
        "type": "github"
      },
      "original": {
        "owner": "neoclide",
        "repo": "coc-prettier",
        "type": "github"
      }
    },
    "nvim-coc-tsserver": {
      "flake": false,
      "locked": {
        "lastModified": 1613990656,
        "narHash": "sha256-LhuBAFqb6gNeO7NIzl+XSSZjrkQ2W4gzlo5cuxjkAN8=",
        "owner": "neoclide",
        "repo": "coc-tsserver",
        "rev": "17dc0c235c7be2f29211c1696edb2c82017e8e43",
        "type": "github"
      },
      "original": {
        "owner": "neoclide",
        "repo": "coc-tsserver",
        "type": "github"
      }
    },
    "nvim-nerd-commenter": {
      "flake": false,
      "locked": {
        "lastModified": 1617692260,
        "narHash": "sha256-Orm2QrGCUXU/WM8cFRRTgvfvx0192Ed/zMFk5M5Xu3A=",
        "owner": "preservim",
        "repo": "nerdcommenter",
        "rev": "6d0ab7dec9306fada667ea71edbb3da2b06a40ad",
        "type": "github"
      },
      "original": {
        "owner": "preservim",
        "repo": "nerdcommenter",
        "type": "github"
      }
    },
    "nvim-nerdtree": {
      "flake": false,
      "locked": {
        "lastModified": 1614609294,
        "narHash": "sha256-qoOsw6mWB6Qke7upLrn8b64oy2fWd+UM1SX3jC5upNI=",
        "owner": "preservim",
        "repo": "nerdtree",
        "rev": "f63fb6984f9cd07cf723c3e2e20f6ccc0aad48c2",
        "type": "github"
      },
      "original": {
        "owner": "preservim",
        "repo": "nerdtree",
        "type": "github"
      }
    },
    "nvim-onedark": {
      "flake": false,
      "locked": {
        "lastModified": 1614276276,
        "narHash": "sha256-z3EfimIqJ/3ewCxik0nagI/SdXgdaST72jQn9lad5HM=",
        "owner": "joshdick",
        "repo": "onedark.vim",
        "rev": "b70ed293f3c3adaea23f9fcd84ef942015664756",
        "type": "github"
      },
      "original": {
        "owner": "joshdick",
        "repo": "onedark.vim",
        "type": "github"
      }
    },
    "nvim-prettier": {
      "flake": false,
      "locked": {
        "lastModified": 1614813444,
        "narHash": "sha256-E7PGKV0GMI7sTZC1OPYVlazaAGbZ1mFo7M8u6RT6I9U=",
        "owner": "prettier",
        "repo": "vim-prettier",
        "rev": "e7564653bccc34a2564ccd9463483af2965d148e",
        "type": "github"
      },
      "original": {
        "owner": "prettier",
        "repo": "vim-prettier",
        "type": "github"
      }
    },
    "nvim-which-key": {
      "flake": false,
      "locked": {
        "lastModified": 1607964043,
        "narHash": "sha256-Z1uKigJLvFSJHZBPGmaxQS1iQqabt9Uy0pAbakc/Yq4=",
        "owner": "spinks",
        "repo": "vim-leader-guide",
        "rev": "1ec6a2e6f52fc864bfa0687f982d1e6379392ee9",
        "type": "github"
      },
      "original": {
        "owner": "spinks",
        "repo": "vim-leader-guide",
        "type": "github"
      }
    },
    "powerline": {
      "flake": false,
      "locked": {
        "lastModified": 1615747517,
        "narHash": "sha256-RHVet6mDtZLtYXlx5mCZ4V0l0cMVw8Pr+7E58/o3/Pc=",
        "owner": "powerline",
        "repo": "powerline",
        "rev": "7310d53adef5ba5829712b1ac06839be1b4852b9",
        "type": "github"
      },
      "original": {
        "owner": "powerline",
        "repo": "powerline",
        "type": "github"
      }
    },
    "rofi-themes": {
      "flake": false,
      "locked": {
        "lastModified": 1614655558,
        "narHash": "sha256-dPWWa5sQ3FYdToVsDE0b9hZpW0hX1s3VdiIO+KjpB28=",
        "owner": "Murzchnvok",
        "repo": "rofi-collection",
        "rev": "b88187016d8e22d6a0dfce7523e13945bcd12d1d",
        "type": "github"
      },
      "original": {
        "owner": "Murzchnvok",
        "repo": "rofi-collection",
        "type": "github"
      }
    },
    "root": {
      "inputs": {
        "darwin": "darwin",
        "flake-compat": "flake-compat",
        "home-manager": "home-manager",
        "nixpkgs": "nixpkgs_2",
        "nvim-coc": "nvim-coc",
        "nvim-coc-git": "nvim-coc-git",
        "nvim-coc-json": "nvim-coc-json",
        "nvim-coc-prettier": "nvim-coc-prettier",
        "nvim-coc-tsserver": "nvim-coc-tsserver",
        "nvim-nerd-commenter": "nvim-nerd-commenter",
        "nvim-nerdtree": "nvim-nerdtree",
        "nvim-onedark": "nvim-onedark",
        "nvim-prettier": "nvim-prettier",
        "nvim-which-key": "nvim-which-key",
        "powerline": "powerline",
        "rofi-themes": "rofi-themes",
        "zsh-256color": "zsh-256color",
        "zsh-autosuggestions": "zsh-autosuggestions",
        "zsh-autoswitch-virtualenv": "zsh-autoswitch-virtualenv",
        "zsh-better-npm-completion": "zsh-better-npm-completion",
        "zsh-completions": "zsh-completions",
        "zsh-history-substring-search": "zsh-history-substring-search",
        "zsh-node-path": "zsh-node-path",
        "zsh-nvm": "zsh-nvm",
        "zsh-powerline": "zsh-powerline",
        "zsh-syntax-highlighting": "zsh-syntax-highlighting"
      }
    },
    "zsh-256color": {
      "flake": false,
      "locked": {
        "lastModified": 1563652855,
        "narHash": "sha256-Qd9pjDSQk+kz++/UjGVbM4AhAklc1xSTimLQXxN57pI=",
        "owner": "chrissicool",
        "repo": "zsh-256color",
        "rev": "9d8fa1015dfa895f2258c2efc668bc7012f06da6",
        "type": "github"
      },
      "original": {
        "owner": "chrissicool",
        "repo": "zsh-256color",
        "type": "github"
      }
    },
    "zsh-autosuggestions": {
      "flake": false,
      "locked": {
        "lastModified": 1578370341,
        "narHash": "sha256-xv4eleksJzomCtLsRUj71RngIJFw8+A31O6/p7i4okA=",
        "owner": "zsh-users",
        "repo": "zsh-autosuggestions",
        "rev": "ae315ded4dba10685dbbafbfa2ff3c1aefeb490d",
        "type": "github"
      },
      "original": {
        "owner": "zsh-users",
        "repo": "zsh-autosuggestions",
        "type": "github"
      }
    },
    "zsh-autoswitch-virtualenv": {
      "flake": false,
      "locked": {
        "lastModified": 1611913598,
        "narHash": "sha256-RSdk7m1jshgLy7FexfB9XBPD3vKPBn9a+gLxB/Zm/9s=",
        "owner": "MichaelAquilina",
        "repo": "zsh-autoswitch-virtualenv",
        "rev": "d18761b6d1db628f55accb40e65b7189ef17c05c",
        "type": "github"
      },
      "original": {
        "owner": "MichaelAquilina",
        "repo": "zsh-autoswitch-virtualenv",
        "type": "github"
      }
    },
    "zsh-better-npm-completion": {
      "flake": false,
      "locked": {
        "lastModified": 1574159288,
        "narHash": "sha256-/rWmwCH3drGhibF44sNtG1aNdSvx1EyDiYmyHGyZ55s=",
        "owner": "lukechilds",
        "repo": "zsh-better-npm-completion",
        "rev": "0a7cf042415324ec38a186fdcbc9af163f0d7e69",
        "type": "github"
      },
      "original": {
        "owner": "lukechilds",
        "repo": "zsh-better-npm-completion",
        "type": "github"
      }
    },
    "zsh-completions": {
      "flake": false,
      "locked": {
        "lastModified": 1615943113,
        "narHash": "sha256-MCoXL1N7LhYkq0Cqfb5lvrdjsN9C/ZMhWpfmIdiIlpI=",
        "owner": "zsh-users",
        "repo": "zsh-completions",
        "rev": "f1ab6110ced9b5451e2125214497fedd270414c7",
        "type": "github"
      },
      "original": {
        "owner": "zsh-users",
        "repo": "zsh-completions",
        "type": "github"
      }
    },
    "zsh-history-substring-search": {
      "flake": false,
      "locked": {
        "lastModified": 1557707754,
        "narHash": "sha256-Ptxik1r6anlP7QTqsN1S2Tli5lyRibkgGlVlwWZRG3k=",
        "owner": "zsh-users",
        "repo": "zsh-history-substring-search",
        "rev": "0f80b8eb3368b46e5e573c1d91ae69eb095db3fb",
        "type": "github"
      },
      "original": {
        "owner": "zsh-users",
        "repo": "zsh-history-substring-search",
        "type": "github"
      }
    },
    "zsh-node-path": {
      "flake": false,
      "locked": {
        "lastModified": 1568908332,
        "narHash": "sha256-jCemmEBWZ+9jVDGNEfDarpCPnJ4HkC2rsDRtAw4N7v0=",
        "owner": "andyrichardson",
        "repo": "zsh-node-path",
        "rev": "1d83f56a7f884cd7e673763d39c7808db3ad1b9a",
        "type": "github"
      },
      "original": {
        "owner": "andyrichardson",
        "repo": "zsh-node-path",
        "type": "github"
      }
    },
    "zsh-nvm": {
      "flake": false,
      "locked": {
        "lastModified": 1592292082,
        "narHash": "sha256-Zwdi7bezMFKaIKYwsSftu3mJSFvadEWmY2hYnU1Kpu4=",
        "owner": "lukechilds",
        "repo": "zsh-nvm",
        "rev": "23067bd9bb6eb6f4737a3ea90cb0cb5e85f61ba2",
        "type": "github"
      },
      "original": {
        "owner": "lukechilds",
        "repo": "zsh-nvm",
        "type": "github"
      }
    },
    "zsh-powerline": {
      "flake": false,
      "locked": {
        "lastModified": 1615967069,
        "narHash": "sha256-qJRhBPkTT/VlP0LBEYSN3xp9I/EQPlWGHe/DpWVoBds=",
        "owner": "romkatv",
        "repo": "powerlevel10k",
        "rev": "7d786b9c50913028eec0463c5cca00796633997f",
        "type": "github"
      },
      "original": {
        "owner": "romkatv",
        "repo": "powerlevel10k",
        "type": "github"
      }
    },
    "zsh-syntax-highlighting": {
      "flake": false,
      "locked": {
        "lastModified": 1614911383,
        "narHash": "sha256-x1tP9XBf0ObidFtlNufOL0JpX0SQ8BaovaFPWB6hobU=",
        "owner": "zsh-users",
        "repo": "zsh-syntax-highlighting",
        "rev": "e8517244f7d2ae4f9d979faf94608d6e4a74a73e",
        "type": "github"
      },
      "original": {
        "owner": "zsh-users",
        "repo": "zsh-syntax-highlighting",
        "type": "github"
      }
    }
  },
  "root": "root",
  "version": 7
}
