{
  "nodes": {
    "antigen": {
      "flake": false,
      "locked": {
        "lastModified": 1515023826,
        "narHash": "sha256-OB/NgpYTlMTHaohis2J/McS+oDHvDXND9FHVNnXjFsM=",
        "owner": "zsh-users",
        "repo": "antigen",
        "rev": "d3d4ee03897eed73efc20c3f779b31194bfa64d8",
        "type": "github"
      },
      "original": {
        "owner": "zsh-users",
        "ref": "v2.2.3",
        "repo": "antigen",
        "type": "github"
      }
    },
    "darwin": {
      "inputs": {
        "nixpkgs": [
          "nixpkgs"
        ]
      },
      "locked": {
        "lastModified": 1608628442,
        "narHash": "sha256-MNpNlZ2TqaQNiYuP8UcudfQoZAT/ocwFwFxhANSRt1c=",
        "owner": "lnl7",
        "repo": "nix-darwin",
        "rev": "8834df431736c3037bbef017b24c62bc4ace4645",
        "type": "github"
      },
      "original": {
        "owner": "lnl7",
        "ref": "master",
        "repo": "nix-darwin",
        "type": "github"
      }
    },
    "flake-compat": {
      "flake": false,
      "locked": {
        "lastModified": 1606424373,
        "narHash": "sha256-oq8d4//CJOrVj+EcOaSXvMebvuTkmBJuT5tzlfewUnQ=",
        "owner": "edolstra",
        "repo": "flake-compat",
        "rev": "99f1c2157fba4bfe6211a321fd0ee43199025dbf",
        "type": "github"
      },
      "original": {
        "owner": "edolstra",
        "repo": "flake-compat",
        "type": "github"
      }
    },
    "home-manager": {
      "inputs": {
        "nixpkgs": "nixpkgs"
      },
      "locked": {
        "lastModified": 1609206220,
        "narHash": "sha256-KYjDvaW/INI/n5NERXp59NSukmHZK8Lrts5icIH0rug=",
        "owner": "nix-community",
        "repo": "home-manager",
        "rev": "99f0074362a698d7e9dc2070e849394909e820c0",
        "type": "github"
      },
      "original": {
        "owner": "nix-community",
        "repo": "home-manager",
        "type": "github"
      }
    },
    "nixpkgs": {
      "locked": {
        "lastModified": 1609265986,
        "narHash": "sha256-CUarybdS139P86sqpodiytThi1NY43BMNrawyX/98eM=",
        "owner": "NixOS",
        "repo": "nixpkgs",
        "rev": "86102ebe5ee8428478dfa7795f2a95a035546d53",
        "type": "github"
      },
      "original": {
        "id": "nixpkgs",
        "type": "indirect"
      }
    },
    "nixpkgs_2": {
      "locked": {
        "lastModified": 1609580981,
        "narHash": "sha256-esnPRxHdqKTdOJyEol3zOJ7/atfvNyKFW1IN+ejzhfI=",
        "owner": "nixos",
        "repo": "nixpkgs",
        "rev": "56bb1b0f7a33e5d487dc2bf2e846794f4dcb4d01",
        "type": "github"
      },
      "original": {
        "owner": "nixos",
        "ref": "nixos-unstable",
        "repo": "nixpkgs",
        "type": "github"
      }
    },
    "root": {
      "inputs": {
        "antigen": "antigen",
        "darwin": "darwin",
        "flake-compat": "flake-compat",
        "home-manager": "home-manager",
        "nixpkgs": "nixpkgs_2",
        "zsh-node-path": "zsh-node-path"
      }
    },
    "zsh-node-path": {
      "flake": false,
      "locked": {
        "lastModified": 1568908332,
        "narHash": "sha256-jCemmEBWZ+9jVDGNEfDarpCPnJ4HkC2rsDRtAw4N7v0=",
        "owner": "andyrichardson",
        "repo": "zsh-node-path",
        "rev": "1d83f56a7f884cd7e673763d39c7808db3ad1b9a",
        "type": "github"
      },
      "original": {
        "owner": "andyrichardson",
        "repo": "zsh-node-path",
        "type": "github"
      }
    }
  },
  "root": "root",
  "version": 7
}
